{
  "name": "hslayers-examples",
  "version": "0.5.5",
  "lockfileVersion": 1,
  "requires": true,
  "dependencies": {
    "cesium": {
      "version": "1.50.0",
      "resolved": "https://registry.npmjs.org/cesium/-/cesium-1.50.0.tgz",
      "integrity": "sha512-x0PM2/rssASFOH8lTFec8r07iBAyh3m7wrEbY0q5Ocw2L8hhimyWSfymh+raqeBPPZ3BLa4z7V76beOwZXuQ9Q==",
      "requires": {
        "requirejs": "^2.3.2"
      }
    },
    "jquery": {
      "version": "3.3.1",
      "resolved": "https://registry.npmjs.org/jquery/-/jquery-3.3.1.tgz",
      "integrity": "sha512-Ubldcmxp5np52/ENotGxlLe6aGMvmF4R8S6tZjsP6Knsaxd/xp3Zrh50cG93lR6nPXyUFwzN3ZSOQI0wRJNdGg=="
    },
    "requirejs": {
      "version": "2.3.6",
      "resolved": "https://registry.npmjs.org/requirejs/-/requirejs-2.3.6.tgz",
      "integrity": "sha512-ipEzlWQe6RK3jkzikgCupiTbTvm4S0/CAU5GlgptkN5SO6F3u0UD0K18wy6ErDqiCyP4J4YYe1HuAShvsxePLg=="
    }
  }
}
